// !$*UTF8*$!
{
	archiveVersion = 1;
	classes = {
	};
	objectVersion = 50;
	objects = {

/* Begin PBXBuildFile section */
		1805077322C25EAC00CA512B /* AppDelegate.swift in Sources */ = {isa = PBXBuildFile; fileRef = 1805077222C25EAC00CA512B /* AppDelegate.swift */; };
		1805077822C25EAC00CA512B /* Main.storyboard in Resources */ = {isa = PBXBuildFile; fileRef = 1805077622C25EAC00CA512B /* Main.storyboard */; };
		1805077B22C25EAC00CA512B /* ViewFinder.xcdatamodeld in Sources */ = {isa = PBXBuildFile; fileRef = 1805077922C25EAC00CA512B /* ViewFinder.xcdatamodeld */; };
		1805077D22C25EAE00CA512B /* Assets.xcassets in Resources */ = {isa = PBXBuildFile; fileRef = 1805077C22C25EAE00CA512B /* Assets.xcassets */; };
		1805078022C25EAE00CA512B /* LaunchScreen.storyboard in Resources */ = {isa = PBXBuildFile; fileRef = 1805077E22C25EAE00CA512B /* LaunchScreen.storyboard */; };
		1805078B22C25EAE00CA512B /* ViewFinderTests.swift in Sources */ = {isa = PBXBuildFile; fileRef = 1805078A22C25EAE00CA512B /* ViewFinderTests.swift */; };
		1805079622C25EAE00CA512B /* ViewFinderUITests.swift in Sources */ = {isa = PBXBuildFile; fileRef = 1805079522C25EAE00CA512B /* ViewFinderUITests.swift */; };
		180507A422C2676A00CA512B /* AddPhotoViewController.swift in Sources */ = {isa = PBXBuildFile; fileRef = 180507A322C2676A00CA512B /* AddPhotoViewController.swift */; };
/* End PBXBuildFile section */

/* Begin PBXContainerItemProxy section */
		1805078722C25EAE00CA512B /* PBXContainerItemProxy */ = {
			isa = PBXContainerItemProxy;
			containerPortal = 1805076722C25EAB00CA512B /* Project object */;
			proxyType = 1;
			remoteGlobalIDString = 1805076E22C25EAC00CA512B;
			remoteInfo = ViewFinder;
		};
		1805079222C25EAE00CA512B /* PBXContainerItemProxy */ = {
			isa = PBXContainerItemProxy;
			containerPortal = 1805076722C25EAB00CA512B /* Project object */;
			proxyType = 1;
			remoteGlobalIDString = 1805076E22C25EAC00CA512B;
			remoteInfo = ViewFinder;
		};
/* End PBXContainerItemProxy section */

/* Begin PBXFileReference section */
		1805076F22C25EAC00CA512B /* ViewFinder.app */ = {isa = PBXFileReference; explicitFileType = wrapper.application; includeInIndex = 0; path = ViewFinder.app; sourceTree = BUILT_PRODUCTS_DIR; };
		1805077222C25EAC00CA512B /* AppDelegate.swift */ = {isa = PBXFileReference; lastKnownFileType = sourcecode.swift; path = AppDelegate.swift; sourceTree = "<group>"; };
		1805077722C25EAC00CA512B /* Base */ = {isa = PBXFileReference; lastKnownFileType = file.storyboard; name = Base; path = Base.lproj/Main.storyboard; sourceTree = "<group>"; };
		1805077A22C25EAC00CA512B /* ViewFinder.xcdatamodel */ = {isa = PBXFileReference; lastKnownFileType = wrapper.xcdatamodel; path = ViewFinder.xcdatamodel; sourceTree = "<group>"; };
		1805077C22C25EAE00CA512B /* Assets.xcassets */ = {isa = PBXFileReference; lastKnownFileType = folder.assetcatalog; path = Assets.xcassets; sourceTree = "<group>"; };
		1805077F22C25EAE00CA512B /* Base */ = {isa = PBXFileReference; lastKnownFileType = file.storyboard; name = Base; path = Base.lproj/LaunchScreen.storyboard; sourceTree = "<group>"; };
		1805078122C25EAE00CA512B /* Info.plist */ = {isa = PBXFileReference; lastKnownFileType = text.plist.xml; path = Info.plist; sourceTree = "<group>"; };
		1805078622C25EAE00CA512B /* ViewFinderTests.xctest */ = {isa = PBXFileReference; explicitFileType = wrapper.cfbundle; includeInIndex = 0; path = ViewFinderTests.xctest; sourceTree = BUILT_PRODUCTS_DIR; };
		1805078A22C25EAE00CA512B /* ViewFinderTests.swift */ = {isa = PBXFileReference; lastKnownFileType = sourcecode.swift; path = ViewFinderTests.swift; sourceTree = "<group>"; };
		1805078C22C25EAE00CA512B /* Info.plist */ = {isa = PBXFileReference; lastKnownFileType = text.plist.xml; path = Info.plist; sourceTree = "<group>"; };
		1805079122C25EAE00CA512B /* ViewFinderUITests.xctest */ = {isa = PBXFileReference; explicitFileType = wrapper.cfbundle; includeInIndex = 0; path = ViewFinderUITests.xctest; sourceTree = BUILT_PRODUCTS_DIR; };
		1805079522C25EAE00CA512B /* ViewFinderUITests.swift */ = {isa = PBXFileReference; lastKnownFileType = sourcecode.swift; path = ViewFinderUITests.swift; sourceTree = "<group>"; };
		1805079722C25EAE00CA512B /* Info.plist */ = {isa = PBXFileReference; lastKnownFileType = text.plist.xml; path = Info.plist; sourceTree = "<group>"; };
		180507A322C2676A00CA512B /* AddPhotoViewController.swift */ = {isa = PBXFileReference; lastKnownFileType = sourcecode.swift; path = AddPhotoViewController.swift; sourceTree = "<group>"; };
/* End PBXFileReference section */

/* Begin PBXFrameworksBuildPhase section */
		1805076C22C25EAC00CA512B /* Frameworks */ = {
			isa = PBXFrameworksBuildPhase;
			buildActionMask = 2147483647;
			files = (
			);
			runOnlyForDeploymentPostprocessing = 0;
		};
		1805078322C25EAE00CA512B /* Frameworks */ = {
			isa = PBXFrameworksBuildPhase;
			buildActionMask = 2147483647;
			files = (
			);
			runOnlyForDeploymentPostprocessing = 0;
		};
		1805078E22C25EAE00CA512B /* Frameworks */ = {
			isa = PBXFrameworksBuildPhase;
			buildActionMask = 2147483647;
			files = (
			);
			runOnlyForDeploymentPostprocessing = 0;
		};
/* End PBXFrameworksBuildPhase section */

/* Begin PBXGroup section */
		1805076622C25EAB00CA512B = {
			isa = PBXGroup;
			children = (
				1805077122C25EAC00CA512B /* ViewFinder */,
				1805078922C25EAE00CA512B /* ViewFinderTests */,
				1805079422C25EAE00CA512B /* ViewFinderUITests */,
				1805077022C25EAC00CA512B /* Products */,
			);
			sourceTree = "<group>";
		};
		1805077022C25EAC00CA512B /* Products */ = {
			isa = PBXGroup;
			children = (
				1805076F22C25EAC00CA512B /* ViewFinder.app */,
				1805078622C25EAE00CA512B /* ViewFinderTests.xctest */,
				1805079122C25EAE00CA512B /* ViewFinderUITests.xctest */,
			);
			name = Products;
			sourceTree = "<group>";
		};
		1805077122C25EAC00CA512B /* ViewFinder */ = {
			isa = PBXGroup;
			children = (
				1805077222C25EAC00CA512B /* AppDelegate.swift */,
				180507A322C2676A00CA512B /* AddPhotoViewController.swift */,
				1805077622C25EAC00CA512B /* Main.storyboard */,
				1805077C22C25EAE00CA512B /* Assets.xcassets */,
				1805077E22C25EAE00CA512B /* LaunchScreen.storyboard */,
				1805078122C25EAE00CA512B /* Info.plist */,
				1805077922C25EAC00CA512B /* ViewFinder.xcdatamodeld */,
			);
			path = ViewFinder;
			sourceTree = "<group>";
		};
		1805078922C25EAE00CA512B /* ViewFinderTests */ = {
			isa = PBXGroup;
			children = (
				1805078A22C25EAE00CA512B /* ViewFinderTests.swift */,
				1805078C22C25EAE00CA512B /* Info.plist */,
			);
			path = ViewFinderTests;
			sourceTree = "<group>";
		};
		1805079422C25EAE00CA512B /* ViewFinderUITests */ = {
			isa = PBXGroup;
			children = (
				1805079522C25EAE00CA512B /* ViewFinderUITests.swift */,
				1805079722C25EAE00CA512B /* Info.plist */,
			);
			path = ViewFinderUITests;
			sourceTree = "<group>";
		};
/* End PBXGroup section */

/* Begin PBXNativeTarget section */
		1805076E22C25EAC00CA512B /* ViewFinder */ = {
			isa = PBXNativeTarget;
			buildConfigurationList = 1805079A22C25EAE00CA512B /* Build configuration list for PBXNativeTarget "ViewFinder" */;
			buildPhases = (
				1805076B22C25EAC00CA512B /* Sources */,
				1805076C22C25EAC00CA512B /* Frameworks */,
				1805076D22C25EAC00CA512B /* Resources */,
			);
			buildRules = (
			);
			dependencies = (
			);
			name = ViewFinder;
			productName = ViewFinder;
			productReference = 1805076F22C25EAC00CA512B /* ViewFinder.app */;
			productType = "com.apple.product-type.application";
		};
		1805078522C25EAE00CA512B /* ViewFinderTests */ = {
			isa = PBXNativeTarget;
			buildConfigurationList = 1805079D22C25EAE00CA512B /* Build configuration list for PBXNativeTarget "ViewFinderTests" */;
			buildPhases = (
				1805078222C25EAE00CA512B /* Sources */,
				1805078322C25EAE00CA512B /* Frameworks */,
				1805078422C25EAE00CA512B /* Resources */,
			);
			buildRules = (
			);
			dependencies = (
				1805078822C25EAE00CA512B /* PBXTargetDependency */,
			);
			name = ViewFinderTests;
			productName = ViewFinderTests;
			productReference = 1805078622C25EAE00CA512B /* ViewFinderTests.xctest */;
			productType = "com.apple.product-type.bundle.unit-test";
		};
		1805079022C25EAE00CA512B /* ViewFinderUITests */ = {
			isa = PBXNativeTarget;
			buildConfigurationList = 180507A022C25EAE00CA512B /* Build configuration list for PBXNativeTarget "ViewFinderUITests" */;
			buildPhases = (
				1805078D22C25EAE00CA512B /* Sources */,
				1805078E22C25EAE00CA512B /* Frameworks */,
				1805078F22C25EAE00CA512B /* Resources */,
			);
			buildRules = (
			);
			dependencies = (
				1805079322C25EAE00CA512B /* PBXTargetDependency */,
			);
			name = ViewFinderUITests;
			productName = ViewFinderUITests;
			productReference = 1805079122C25EAE00CA512B /* ViewFinderUITests.xctest */;
			productType = "com.apple.product-type.bundle.ui-testing";
		};
/* End PBXNativeTarget section */

/* Begin PBXProject section */
		1805076722C25EAB00CA512B /* Project object */ = {
			isa = PBXProject;
			attributes = {
				LastSwiftUpdateCheck = 1020;
				LastUpgradeCheck = 1020;
				ORGANIZATIONNAME = Apple;
				TargetAttributes = {
					1805076E22C25EAC00CA512B = {
						CreatedOnToolsVersion = 10.2.1;
					};
					1805078522C25EAE00CA512B = {
						CreatedOnToolsVersion = 10.2.1;
						TestTargetID = 1805076E22C25EAC00CA512B;
					};
					1805079022C25EAE00CA512B = {
						CreatedOnToolsVersion = 10.2.1;
						TestTargetID = 1805076E22C25EAC00CA512B;
					};
				};
			};
			buildConfigurationList = 1805076A22C25EAB00CA512B /* Build configuration list for PBXProject "ViewFinder" */;
			compatibilityVersion = "Xcode 9.3";
			developmentRegion = en;
			hasScannedForEncodings = 0;
			knownRegions = (
				en,
				Base,
			);
			mainGroup = 1805076622C25EAB00CA512B;
			productRefGroup = 1805077022C25EAC00CA512B /* Products */;
			projectDirPath = "";
			projectRoot = "";
			targets = (
				1805076E22C25EAC00CA512B /* ViewFinder */,
				1805078522C25EAE00CA512B /* ViewFinderTests */,
				1805079022C25EAE00CA512B /* ViewFinderUITests */,
			);
		};
/* End PBXProject section */

/* Begin PBXResourcesBuildPhase section */
		1805076D22C25EAC00CA512B /* Resources */ = {
			isa = PBXResourcesBuildPhase;
			buildActionMask = 2147483647;
			files = (
				1805078022C25EAE00CA512B /* LaunchScreen.storyboard in Resources */,
				1805077D22C25EAE00CA512B /* Assets.xcassets in Resources */,
				1805077822C25EAC00CA512B /* Main.storyboard in Resources */,
			);
			runOnlyForDeploymentPostprocessing = 0;
		};
		1805078422C25EAE00CA512B /* Resources */ = {
			isa = PBXResourcesBuildPhase;
			buildActionMask = 2147483647;
			files = (
			);
			runOnlyForDeploymentPostprocessing = 0;
		};
		1805078F22C25EAE00CA512B /* Resources */ = {
			isa = PBXResourcesBuildPhase;
			buildActionMask = 2147483647;
			files = (
			);
			runOnlyForDeploymentPostprocessing = 0;
		};
/* End PBXResourcesBuildPhase section */

/* Begin PBXSourcesBuildPhase section */
		1805076B22C25EAC00CA512B /* Sources */ = {
			isa = PBXSourcesBuildPhase;
			buildActionMask = 2147483647;
			files = (
				1805077B22C25EAC00CA512B /* ViewFinder.xcdatamodeld in Sources */,
				180507A422C2676A00CA512B /* AddPhotoViewController.swift in Sources */,
				1805077322C25EAC00CA512B /* AppDelegate.swift in Sources */,
			);
			runOnlyForDeploymentPostprocessing = 0;
		};
		1805078222C25EAE00CA512B /* Sources */ = {
			isa = PBXSourcesBuildPhase;
			buildActionMask = 2147483647;
			files = (
				1805078B22C25EAE00CA512B /* ViewFinderTests.swift in Sources */,
			);
			runOnlyForDeploymentPostprocessing = 0;
		};
		1805078D22C25EAE00CA512B /* Sources */ = {
			isa = PBXSourcesBuildPhase;
			buildActionMask = 2147483647;
			files = (
				1805079622C25EAE00CA512B /* ViewFinderUITests.swift in Sources */,
			);
			runOnlyForDeploymentPostprocessing = 0;
		};
/* End PBXSourcesBuildPhase section */

/* Begin PBXTargetDependency section */
		1805078822C25EAE00CA512B /* PBXTargetDependency */ = {
			isa = PBXTargetDependency;
			target = 1805076E22C25EAC00CA512B /* ViewFinder */;
			targetProxy = 1805078722C25EAE00CA512B /* PBXContainerItemProxy */;
		};
		1805079322C25EAE00CA512B /* PBXTargetDependency */ = {
			isa = PBXTargetDependency;
			target = 1805076E22C25EAC00CA512B /* ViewFinder */;
			targetProxy = 1805079222C25EAE00CA512B /* PBXContainerItemProxy */;
		};
/* End PBXTargetDependency section */

/* Begin PBXVariantGroup section */
		1805077622C25EAC00CA512B /* Main.storyboard */ = {
			isa = PBXVariantGroup;
			children = (
				1805077722C25EAC00CA512B /* Base */,
			);
			name = Main.storyboard;
			sourceTree = "<group>";
		};
		1805077E22C25EAE00CA512B /* LaunchScreen.storyboard */ = {
			isa = PBXVariantGroup;
			children = (
				1805077F22C25EAE00CA512B /* Base */,
			);
			name = LaunchScreen.storyboard;
			sourceTree = "<group>";
		};
/* End PBXVariantGroup section */

/* Begin XCBuildConfiguration section */
		1805079822C25EAE00CA512B /* Debug */ = {
			isa = XCBuildConfiguration;
			buildSettings = {
				ALWAYS_SEARCH_USER_PATHS = NO;
				CLANG_ANALYZER_NONNULL = YES;
				CLANG_ANALYZER_NUMBER_OBJECT_CONVERSION = YES_AGGRESSIVE;
				CLANG_CXX_LANGUAGE_STANDARD = "gnu++14";
				CLANG_CXX_LIBRARY = "libc++";
				CLANG_ENABLE_MODULES = YES;
				CLANG_ENABLE_OBJC_ARC = YES;
				CLANG_ENABLE_OBJC_WEAK = YES;
				CLANG_WARN_BLOCK_CAPTURE_AUTORELEASING = YES;
				CLANG_WARN_BOOL_CONVERSION = YES;
				CLANG_WARN_COMMA = YES;
				CLANG_WARN_CONSTANT_CONVERSION = YES;
				CLANG_WARN_DEPRECATED_OBJC_IMPLEMENTATIONS = YES;
				CLANG_WARN_DIRECT_OBJC_ISA_USAGE = YES_ERROR;
				CLANG_WARN_DOCUMENTATION_COMMENTS = YES;
				CLANG_WARN_EMPTY_BODY = YES;
				CLANG_WARN_ENUM_CONVERSION = YES;
				CLANG_WARN_INFINITE_RECURSION = YES;
				CLANG_WARN_INT_CONVERSION = YES;
				CLANG_WARN_NON_LITERAL_NULL_CONVERSION = YES;
				CLANG_WARN_OBJC_IMPLICIT_RETAIN_SELF = YES;
				CLANG_WARN_OBJC_LITERAL_CONVERSION = YES;
				CLANG_WARN_OBJC_ROOT_CLASS = YES_ERROR;
				CLANG_WARN_RANGE_LOOP_ANALYSIS = YES;
				CLANG_WARN_STRICT_PROTOTYPES = YES;
				CLANG_WARN_SUSPICIOUS_MOVE = YES;
				CLANG_WARN_UNGUARDED_AVAILABILITY = YES_AGGRESSIVE;
				CLANG_WARN_UNREACHABLE_CODE = YES;
				CLANG_WARN__DUPLICATE_METHOD_MATCH = YES;
				CODE_SIGN_IDENTITY = "iPhone Developer";
				COPY_PHASE_STRIP = NO;
				DEBUG_INFORMATION_FORMAT = dwarf;
				ENABLE_STRICT_OBJC_MSGSEND = YES;
				ENABLE_TESTABILITY = YES;
				GCC_C_LANGUAGE_STANDARD = gnu11;
				GCC_DYNAMIC_NO_PIC = NO;
				GCC_NO_COMMON_BLOCKS = YES;
				GCC_OPTIMIZATION_LEVEL = 0;
				GCC_PREPROCESSOR_DEFINITIONS = (
					"DEBUG=1",
					"$(inherited)",
				);
				GCC_WARN_64_TO_32_BIT_CONVERSION = YES;
				GCC_WARN_ABOUT_RETURN_TYPE = YES_ERROR;
				GCC_WARN_UNDECLARED_SELECTOR = YES;
				GCC_WARN_UNINITIALIZED_AUTOS = YES_AGGRESSIVE;
				GCC_WARN_UNUSED_FUNCTION = YES;
				GCC_WARN_UNUSED_VARIABLE = YES;
				IPHONEOS_DEPLOYMENT_TARGET = 12.2;
				MTL_ENABLE_DEBUG_INFO = INCLUDE_SOURCE;
				MTL_FAST_MATH = YES;
				ONLY_ACTIVE_ARCH = YES;
				SDKROOT = iphoneos;
				SWIFT_ACTIVE_COMPILATION_CONDITIONS = DEBUG;
				SWIFT_OPTIMIZATION_LEVEL = "-Onone";
			};
			name = Debug;
		};
		1805079922C25EAE00CA512B /* Release */ = {
			isa = XCBuildConfiguration;
			buildSettings = {
				ALWAYS_SEARCH_USER_PATHS = NO;
				CLANG_ANALYZER_NONNULL = YES;
				CLANG_ANALYZER_NUMBER_OBJECT_CONVERSION = YES_AGGRESSIVE;
				CLANG_CXX_LANGUAGE_STANDARD = "gnu++14";
				CLANG_CXX_LIBRARY = "libc++";
				CLANG_ENABLE_MODULES = YES;
				CLANG_ENABLE_OBJC_ARC = YES;
				CLANG_ENABLE_OBJC_WEAK = YES;
				CLANG_WARN_BLOCK_CAPTURE_AUTORELEASING = YES;
				CLANG_WARN_BOOL_CONVERSION = YES;
				CLANG_WARN_COMMA = YES;
				CLANG_WARN_CONSTANT_CONVERSION = YES;
				CLANG_WARN_DEPRECATED_OBJC_IMPLEMENTATIONS = YES;
				CLANG_WARN_DIRECT_OBJC_ISA_USAGE = YES_ERROR;
				CLANG_WARN_DOCUMENTATION_COMMENTS = YES;
				CLANG_WARN_EMPTY_BODY = YES;
				CLANG_WARN_ENUM_CONVERSION = YES;
				CLANG_WARN_INFINITE_RECURSION = YES;
				CLANG_WARN_INT_CONVERSION = YES;
				CLANG_WARN_NON_LITERAL_NULL_CONVERSION = YES;
				CLANG_WARN_OBJC_IMPLICIT_RETAIN_SELF = YES;
				CLANG_WARN_OBJC_LITERAL_CONVERSION = YES;
				CLANG_WARN_OBJC_ROOT_CLASS = YES_ERROR;
				CLANG_WARN_RANGE_LOOP_ANALYSIS = YES;
				CLANG_WARN_STRICT_PROTOTYPES = YES;
				CLANG_WARN_SUSPICIOUS_MOVE = YES;
				CLANG_WARN_UNGUARDED_AVAILABILITY = YES_AGGRESSIVE;
				CLANG_WARN_UNREACHABLE_CODE = YES;
				CLANG_WARN__DUPLICATE_METHOD_MATCH = YES;
				CODE_SIGN_IDENTITY = "iPhone Developer";
				COPY_PHASE_STRIP = NO;
				DEBUG_INFORMATION_FORMAT = "dwarf-with-dsym";
				ENABLE_NS_ASSERTIONS = NO;
				ENABLE_STRICT_OBJC_MSGSEND = YES;
				GCC_C_LANGUAGE_STANDARD = gnu11;
				GCC_NO_COMMON_BLOCKS = YES;
				GCC_WARN_64_TO_32_BIT_CONVERSION = YES;
				GCC_WARN_ABOUT_RETURN_TYPE = YES_ERROR;
				GCC_WARN_UNDECLARED_SELECTOR = YES;
				GCC_WARN_UNINITIALIZED_AUTOS = YES_AGGRESSIVE;
				GCC_WARN_UNUSED_FUNCTION = YES;
				GCC_WARN_UNUSED_VARIABLE = YES;
				IPHONEOS_DEPLOYMENT_TARGET = 12.2;
				MTL_ENABLE_DEBUG_INFO = NO;
				MTL_FAST_MATH = YES;
				SDKROOT = iphoneos;
				SWIFT_COMPILATION_MODE = wholemodule;
				SWIFT_OPTIMIZATION_LEVEL = "-O";
				VALIDATE_PRODUCT = YES;
			};
			name = Release;
		};
		1805079B22C25EAE00CA512B /* Debug */ = {
			isa = XCBuildConfiguration;
			buildSettings = {
				ASSETCATALOG_COMPILER_APPICON_NAME = AppIcon;
				CODE_SIGN_STYLE = Automatic;
				INFOPLIST_FILE = ViewFinder/Info.plist;
				LD_RUNPATH_SEARCH_PATHS = (
					"$(inherited)",
					"@executable_path/Frameworks",
				);
				PRODUCT_BUNDLE_IDENTIFIER = MM.ViewFinder;
				PRODUCT_NAME = "$(TARGET_NAME)";
				SWIFT_VERSION = 5.0;
				TARGETED_DEVICE_FAMILY = "1,2";
			};
			name = Debug;
		};
		1805079C22C25EAE00CA512B /* Release */ = {
			isa = XCBuildConfiguration;
			buildSettings = {
				ASSETCATALOG_COMPILER_APPICON_NAME = AppIcon;
				CODE_SIGN_STYLE = Automatic;
				INFOPLIST_FILE = ViewFinder/Info.plist;
				LD_RUNPATH_SEARCH_PATHS = (
					"$(inherited)",
					"@executable_path/Frameworks",
				);
				PRODUCT_BUNDLE_IDENTIFIER = MM.ViewFinder;
				PRODUCT_NAME = "$(TARGET_NAME)";
				SWIFT_VERSION = 5.0;
				TARGETED_DEVICE_FAMILY = "1,2";
			};
			name = Release;
		};
		1805079E22C25EAE00CA512B /* Debug */ = {
			isa = XCBuildConfiguration;
			buildSettings = {
				ALWAYS_EMBED_SWIFT_STANDARD_LIBRARIES = YES;
				BUNDLE_LOADER = "$(TEST_HOST)";
				CODE_SIGN_STYLE = Automatic;
				INFOPLIST_FILE = ViewFinderTests/Info.plist;
				LD_RUNPATH_SEARCH_PATHS = (
					"$(inherited)",
					"@executable_path/Frameworks",
					"@loader_path/Frameworks",
				);
				PRODUCT_BUNDLE_IDENTIFIER = MM.ViewFinderTests;
				PRODUCT_NAME = "$(TARGET_NAME)";
				SWIFT_VERSION = 5.0;
				TARGETED_DEVICE_FAMILY = "1,2";
				TEST_HOST = "$(BUILT_PRODUCTS_DIR)/ViewFinder.app/ViewFinder";
			};
			name = Debug;
		};
		1805079F22C25EAE00CA512B /* Release */ = {
			isa = XCBuildConfiguration;
			buildSettings = {
				ALWAYS_EMBED_SWIFT_STANDARD_LIBRARIES = YES;
				BUNDLE_LOADER = "$(TEST_HOST)";
				CODE_SIGN_STYLE = Automatic;
				INFOPLIST_FILE = ViewFinderTests/Info.plist;
				LD_RUNPATH_SEARCH_PATHS = (
					"$(inherited)",
					"@executable_path/Frameworks",
					"@loader_path/Frameworks",
				);
				PRODUCT_BUNDLE_IDENTIFIER = MM.ViewFinderTests;
				PRODUCT_NAME = "$(TARGET_NAME)";
				SWIFT_VERSION = 5.0;
				TARGETED_DEVICE_FAMILY = "1,2";
				TEST_HOST = "$(BUILT_PRODUCTS_DIR)/ViewFinder.app/ViewFinder";
			};
			name = Release;
		};
		180507A122C25EAE00CA512B /* Debug */ = {
			isa = XCBuildConfiguration;
			buildSettings = {
				ALWAYS_EMBED_SWIFT_STANDARD_LIBRARIES = YES;
				CODE_SIGN_STYLE = Automatic;
				INFOPLIST_FILE = ViewFinderUITests/Info.plist;
				LD_RUNPATH_SEARCH_PATHS = (
					"$(inherited)",
					"@executable_path/Frameworks",
					"@loader_path/Frameworks",
				);
				PRODUCT_BUNDLE_IDENTIFIER = MM.ViewFinderUITests;
				PRODUCT_NAME = "$(TARGET_NAME)";
				SWIFT_VERSION = 5.0;
				TARGETED_DEVICE_FAMILY = "1,2";
				TEST_TARGET_NAME = ViewFinder;
			};
			name = Debug;
		};
		180507A222C25EAE00CA512B /* Release */ = {
			isa = XCBuildConfiguration;
			buildSettings = {
				ALWAYS_EMBED_SWIFT_STANDARD_LIBRARIES = YES;
				CODE_SIGN_STYLE = Automatic;
				INFOPLIST_FILE = ViewFinderUITests/Info.plist;
				LD_RUNPATH_SEARCH_PATHS = (
					"$(inherited)",
					"@executable_path/Frameworks",
					"@loader_path/Frameworks",
				);
				PRODUCT_BUNDLE_IDENTIFIER = MM.ViewFinderUITests;
				PRODUCT_NAME = "$(TARGET_NAME)";
				SWIFT_VERSION = 5.0;
				TARGETED_DEVICE_FAMILY = "1,2";
				TEST_TARGET_NAME = ViewFinder;
			};
			name = Release;
		};
/* End XCBuildConfiguration section */

/* Begin XCConfigurationList section */
		1805076A22C25EAB00CA512B /* Build configuration list for PBXProject "ViewFinder" */ = {
			isa = XCConfigurationList;
			buildConfigurations = (
				1805079822C25EAE00CA512B /* Debug */,
				1805079922C25EAE00CA512B /* Release */,
			);
			defaultConfigurationIsVisible = 0;
			defaultConfigurationName = Release;
		};
		1805079A22C25EAE00CA512B /* Build configuration list for PBXNativeTarget "ViewFinder" */ = {
			isa = XCConfigurationList;
			buildConfigurations = (
				1805079B22C25EAE00CA512B /* Debug */,
				1805079C22C25EAE00CA512B /* Release */,
			);
			defaultConfigurationIsVisible = 0;
			defaultConfigurationName = Release;
		};
		1805079D22C25EAE00CA512B /* Build configuration list for PBXNativeTarget "ViewFinderTests" */ = {
			isa = XCConfigurationList;
			buildConfigurations = (
				1805079E22C25EAE00CA512B /* Debug */,
				1805079F22C25EAE00CA512B /* Release */,
			);
			defaultConfigurationIsVisible = 0;
			defaultConfigurationName = Release;
		};
		180507A022C25EAE00CA512B /* Build configuration list for PBXNativeTarget "ViewFinderUITests" */ = {
			isa = XCConfigurationList;
			buildConfigurations = (
				180507A122C25EAE00CA512B /* Debug */,
				180507A222C25EAE00CA512B /* Release */,
			);
			defaultConfigurationIsVisible = 0;
			defaultConfigurationName = Release;
		};
/* End XCConfigurationList section */

/* Begin XCVersionGroup section */
		1805077922C25EAC00CA512B /* ViewFinder.xcdatamodeld */ = {
			isa = XCVersionGroup;
			children = (
				1805077A22C25EAC00CA512B /* ViewFinder.xcdatamodel */,
			);
			currentVersion = 1805077A22C25EAC00CA512B /* ViewFinder.xcdatamodel */;
			path = ViewFinder.xcdatamodeld;
			sourceTree = "<group>";
			versionGroupType = wrapper.xcdatamodel;
		};
/* End XCVersionGroup section */
	};
	rootObject = 1805076722C25EAB00CA512B /* Project object */;
}
